{
  "nodes": {
    "naersk": {
      "inputs": {
        "nixpkgs": "nixpkgs"
      },
      "locked": {
        "lastModified": 1739824009,
        "narHash": "sha256-fcNrCMUWVLMG3gKC5M9CBqVOAnJtyRvGPxptQFl5mVg=",
        "owner": "nix-community",
        "repo": "naersk",
        "rev": "e5130d37369bfa600144c2424270c96f0ef0e11d",
        "type": "github"
      },
      "original": {
        "owner": "nix-community",
        "ref": "master",
        "repo": "naersk",
        "type": "github"
      }
    },
    "nixpkgs": {
      "locked": {
        "lastModified": 1741600792,
        "narHash": "sha256-yfDy6chHcM7pXpMF4wycuuV+ILSTG486Z/vLx/Bdi6Y=",
        "path": "/nix/store/d1n5ak0xa4d17jld7cpg96a353hiyyvz-source",
        "rev": "ebe2788eafd539477f83775ef93c3c7e244421d3",
        "type": "path"
      },
      "original": {
        "id": "nixpkgs",
        "type": "indirect"
      }
    },
    "nixpkgs_2": {
      "locked": {
        "lastModified": 1742606399,
        "narHash": "sha256-NAxwF5cjgh8o5aylhePXWNQETCWYaTpNvdO2bMfINpQ=",
        "owner": "NixOS",
        "repo": "nixpkgs",
        "rev": "0740f6f238767d4caf9afe774d3e88105766dfc6",
        "type": "github"
      },
      "original": {
        "owner": "NixOS",
        "ref": "nixpkgs-unstable",
        "repo": "nixpkgs",
        "type": "github"
      }
    },
    "root": {
      "inputs": {
        "naersk": "naersk",
        "nixpkgs": "nixpkgs_2"
      }
    }
  },
  "root": "root",
  "version": 7
}
